
Microsoft Visual Studio Solution File, Format Version 12.00
# Visual Studio 15
VisualStudioVersion = 15.0.27703.2042
MinimumVisualStudioVersion = 10.0.40219.1
Project("{FAE04EC0-301F-11D3-BF4B-00C04F79EFBC}") = "CSingleton_Lab8", "CSingleton_Lab8\CSingleton_Lab8.csproj", "{B7CF0997-F4F7-422C-ABA0-BE53FD2CE611}"
EndProject
Global
	GlobalSection(SolutionConfigurationPlatforms) = preSolution
		Debug|Any CPU = Debug|Any CPU
		Release|Any CPU = Release|Any CPU
	EndGlobalSection
	GlobalSection(ProjectConfigurationPlatforms) = postSolution
		{B7CF0997-F4F7-422C-ABA0-BE53FD2CE611}.Debug|Any CPU.ActiveCfg = Debug|Any CPU
		{B7CF0997-F4F7-422C-ABA0-BE53FD2CE611}.Debug|Any CPU.Build.0 = Debug|Any CPU
		{B7CF0997-F4F7-422C-ABA0-BE53FD2CE611}.Release|Any CPU.ActiveCfg = Release|Any CPU
		{B7CF0997-F4F7-422C-ABA0-BE53FD2CE611}.Release|Any CPU.Build.0 = Release|Any CPU
	EndGlobalSection
	GlobalSection(SolutionProperties) = preSolution
		HideSolutionNode = FALSE
	EndGlobalSection
	GlobalSection(ExtensibilityGlobals) = postSolution
		SolutionGuid = {8ACBB4EF-DF38-40D5-9D72-F4CDD9A01FFE}
	EndGlobalSection
EndGlobal
